
Microsoft Visual Studio Solution File, Format Version 12.00
# Visual Studio Version 16
VisualStudioVersion = 16.0.31702.278
MinimumVisualStudioVersion = 10.0.40219.1
Project("{FAE04EC0-301F-11D3-BF4B-00C04F79EFBC}") = "Apotek Database", "Apotek Database\Apotek Database.csproj", "{65EE10F5-043E-4F66-AA6A-258C30589151}"
EndProject
Project("{FAE04EC0-301F-11D3-BF4B-00C04F79EFBC}") = "Insert", "Insert\Insert.csproj", "{042BAFF8-DE1C-4FE2-89CE-8D3608E4EBFB}"
EndProject
Global
	GlobalSection(SolutionConfigurationPlatforms) = preSolution
		Debug|Any CPU = Debug|Any CPU
		Release|Any CPU = Release|Any CPU
	EndGlobalSection
	GlobalSection(ProjectConfigurationPlatforms) = postSolution
		{65EE10F5-043E-4F66-AA6A-258C30589151}.Debug|Any CPU.ActiveCfg = Debug|Any CPU
		{65EE10F5-043E-4F66-AA6A-258C30589151}.Debug|Any CPU.Build.0 = Debug|Any CPU
		{65EE10F5-043E-4F66-AA6A-258C30589151}.Release|Any CPU.ActiveCfg = Release|Any CPU
		{65EE10F5-043E-4F66-AA6A-258C30589151}.Release|Any CPU.Build.0 = Release|Any CPU
		{042BAFF8-DE1C-4FE2-89CE-8D3608E4EBFB}.Debug|Any CPU.ActiveCfg = Debug|Any CPU
		{042BAFF8-DE1C-4FE2-89CE-8D3608E4EBFB}.Debug|Any CPU.Build.0 = Debug|Any CPU
		{042BAFF8-DE1C-4FE2-89CE-8D3608E4EBFB}.Release|Any CPU.ActiveCfg = Release|Any CPU
		{042BAFF8-DE1C-4FE2-89CE-8D3608E4EBFB}.Release|Any CPU.Build.0 = Release|Any CPU
	EndGlobalSection
	GlobalSection(SolutionProperties) = preSolution
		HideSolutionNode = FALSE
	EndGlobalSection
	GlobalSection(ExtensibilityGlobals) = postSolution
		SolutionGuid = {59902318-7AA8-4599-9F67-A16A69771B2F}
	EndGlobalSection
EndGlobal
